// !$*UTF8*$!
{
	archiveVersion = 1;
	classes = {
	};
	objectVersion = 50;
	objects = {

/* Begin PBXBuildFile section */
		82CD86E12219501C003B6CE8 /* AppDelegate.swift in Sources */ = {isa = PBXBuildFile; fileRef = 82CD86E02219501C003B6CE8 /* AppDelegate.swift */; };
		82CD86E32219501C003B6CE8 /* ViewController.swift in Sources */ = {isa = PBXBuildFile; fileRef = 82CD86E22219501C003B6CE8 /* ViewController.swift */; };
		82CD86E62219501C003B6CE8 /* Main.storyboard in Resources */ = {isa = PBXBuildFile; fileRef = 82CD86E42219501C003B6CE8 /* Main.storyboard */; };
		82CD86E82219501E003B6CE8 /* Assets.xcassets in Resources */ = {isa = PBXBuildFile; fileRef = 82CD86E72219501E003B6CE8 /* Assets.xcassets */; };
		82CD86EB2219501E003B6CE8 /* LaunchScreen.storyboard in Resources */ = {isa = PBXBuildFile; fileRef = 82CD86E92219501E003B6CE8 /* LaunchScreen.storyboard */; };
		82D91645221957E400549E7A /* StationTableViewCell.swift in Sources */ = {isa = PBXBuildFile; fileRef = 82D91643221957E400549E7A /* StationTableViewCell.swift */; };
		82D91646221957E400549E7A /* StationTableViewCell.xib in Resources */ = {isa = PBXBuildFile; fileRef = 82D91644221957E400549E7A /* StationTableViewCell.xib */; };
		82D916482219663400549E7A /* Station.swift in Sources */ = {isa = PBXBuildFile; fileRef = 82D916472219663400549E7A /* Station.swift */; };
		82D9164B22197CC600549E7A /* Alamofire.framework in Frameworks */ = {isa = PBXBuildFile; fileRef = 82D9164A22197CC600549E7A /* Alamofire.framework */; };
		82D9164D22197CD600549E7A /* SwiftyJSON.framework in Frameworks */ = {isa = PBXBuildFile; fileRef = 82D9164C22197CD600549E7A /* SwiftyJSON.framework */; };
/* End PBXBuildFile section */

/* Begin PBXFileReference section */
		82CD86DD2219501C003B6CE8 /* CustomCellTutorial.app */ = {isa = PBXFileReference; explicitFileType = wrapper.application; includeInIndex = 0; path = CustomCellTutorial.app; sourceTree = BUILT_PRODUCTS_DIR; };
		82CD86E02219501C003B6CE8 /* AppDelegate.swift */ = {isa = PBXFileReference; lastKnownFileType = sourcecode.swift; path = AppDelegate.swift; sourceTree = "<group>"; };
		82CD86E22219501C003B6CE8 /* ViewController.swift */ = {isa = PBXFileReference; lastKnownFileType = sourcecode.swift; path = ViewController.swift; sourceTree = "<group>"; };
		82CD86E52219501C003B6CE8 /* Base */ = {isa = PBXFileReference; lastKnownFileType = file.storyboard; name = Base; path = Base.lproj/Main.storyboard; sourceTree = "<group>"; };
		82CD86E72219501E003B6CE8 /* Assets.xcassets */ = {isa = PBXFileReference; lastKnownFileType = folder.assetcatalog; path = Assets.xcassets; sourceTree = "<group>"; };
		82CD86EA2219501E003B6CE8 /* Base */ = {isa = PBXFileReference; lastKnownFileType = file.storyboard; name = Base; path = Base.lproj/LaunchScreen.storyboard; sourceTree = "<group>"; };
		82CD86EC2219501E003B6CE8 /* Info.plist */ = {isa = PBXFileReference; lastKnownFileType = text.plist.xml; path = Info.plist; sourceTree = "<group>"; };
		82D91643221957E400549E7A /* StationTableViewCell.swift */ = {isa = PBXFileReference; lastKnownFileType = sourcecode.swift; path = StationTableViewCell.swift; sourceTree = "<group>"; };
		82D91644221957E400549E7A /* StationTableViewCell.xib */ = {isa = PBXFileReference; lastKnownFileType = file.xib; path = StationTableViewCell.xib; sourceTree = "<group>"; };
		82D916472219663400549E7A /* Station.swift */ = {isa = PBXFileReference; lastKnownFileType = sourcecode.swift; path = Station.swift; sourceTree = "<group>"; };
		82D9164A22197CC600549E7A /* Alamofire.framework */ = {isa = PBXFileReference; lastKnownFileType = wrapper.framework; name = Alamofire.framework; path = Carthage/Build/iOS/Alamofire.framework; sourceTree = "<group>"; };
		82D9164C22197CD600549E7A /* SwiftyJSON.framework */ = {isa = PBXFileReference; lastKnownFileType = wrapper.framework; name = SwiftyJSON.framework; path = Carthage/Build/iOS/SwiftyJSON.framework; sourceTree = "<group>"; };
/* End PBXFileReference section */

/* Begin PBXFrameworksBuildPhase section */
		82CD86DA2219501B003B6CE8 /* Frameworks */ = {
			isa = PBXFrameworksBuildPhase;
			buildActionMask = 2147483647;
			files = (
				82D9164D22197CD600549E7A /* SwiftyJSON.framework in Frameworks */,
				82D9164B22197CC600549E7A /* Alamofire.framework in Frameworks */,
			);
			runOnlyForDeploymentPostprocessing = 0;
		};
/* End PBXFrameworksBuildPhase section */

/* Begin PBXGroup section */
		82CD86D42219501B003B6CE8 = {
			isa = PBXGroup;
			children = (
				82CD86DF2219501C003B6CE8 /* CustomCellTutorial */,
				82CD86DE2219501C003B6CE8 /* Products */,
				82D9164922197CC400549E7A /* Frameworks */,
			);
			sourceTree = "<group>";
		};
		82CD86DE2219501C003B6CE8 /* Products */ = {
			isa = PBXGroup;
			children = (
				82CD86DD2219501C003B6CE8 /* CustomCellTutorial.app */,
			);
			name = Products;
			sourceTree = "<group>";
		};
		82CD86DF2219501C003B6CE8 /* CustomCellTutorial */ = {
			isa = PBXGroup;
			children = (
				82CD86E02219501C003B6CE8 /* AppDelegate.swift */,
				82CD86E22219501C003B6CE8 /* ViewController.swift */,
				82CD86E42219501C003B6CE8 /* Main.storyboard */,
				82CD86E72219501E003B6CE8 /* Assets.xcassets */,
				82CD86E92219501E003B6CE8 /* LaunchScreen.storyboard */,
				82CD86EC2219501E003B6CE8 /* Info.plist */,
				82D91643221957E400549E7A /* StationTableViewCell.swift */,
				82D91644221957E400549E7A /* StationTableViewCell.xib */,
				82D916472219663400549E7A /* Station.swift */,
			);
			path = CustomCellTutorial;
			sourceTree = "<group>";
		};
		82D9164922197CC400549E7A /* Frameworks */ = {
			isa = PBXGroup;
			children = (
				82D9164C22197CD600549E7A /* SwiftyJSON.framework */,
				82D9164A22197CC600549E7A /* Alamofire.framework */,
			);
			name = Frameworks;
			sourceTree = "<group>";
		};
/* End PBXGroup section */

/* Begin PBXNativeTarget section */
		82CD86DC2219501B003B6CE8 /* CustomCellTutorial */ = {
			isa = PBXNativeTarget;
			buildConfigurationList = 82CD86EF2219501E003B6CE8 /* Build configuration list for PBXNativeTarget "CustomCellTutorial" */;
			buildPhases = (
				82CD86D92219501B003B6CE8 /* Sources */,
				82CD86DA2219501B003B6CE8 /* Frameworks */,
				82CD86DB2219501B003B6CE8 /* Resources */,
				82D9164E22197CF300549E7A /* ShellScript */,
			);
			buildRules = (
			);
			dependencies = (
			);
			name = CustomCellTutorial;
			productName = CustomCellTutorial;
			productReference = 82CD86DD2219501C003B6CE8 /* CustomCellTutorial.app */;
			productType = "com.apple.product-type.application";
		};
/* End PBXNativeTarget section */

/* Begin PBXProject section */
		82CD86D52219501B003B6CE8 /* Project object */ = {
			isa = PBXProject;
			attributes = {
				LastSwiftUpdateCheck = 0940;
				LastUpgradeCheck = 0940;
				ORGANIZATIONNAME = "Takuma Osada";
				TargetAttributes = {
					82CD86DC2219501B003B6CE8 = {
						CreatedOnToolsVersion = 9.4.1;
					};
				};
			};
			buildConfigurationList = 82CD86D82219501B003B6CE8 /* Build configuration list for PBXProject "CustomCellTutorial" */;
			compatibilityVersion = "Xcode 9.3";
			developmentRegion = en;
			hasScannedForEncodings = 0;
			knownRegions = (
				en,
				Base,
			);
			mainGroup = 82CD86D42219501B003B6CE8;
			productRefGroup = 82CD86DE2219501C003B6CE8 /* Products */;
			projectDirPath = "";
			projectRoot = "";
			targets = (
				82CD86DC2219501B003B6CE8 /* CustomCellTutorial */,
			);
		};
/* End PBXProject section */

/* Begin PBXResourcesBuildPhase section */
		82CD86DB2219501B003B6CE8 /* Resources */ = {
			isa = PBXResourcesBuildPhase;
			buildActionMask = 2147483647;
			files = (
				82CD86EB2219501E003B6CE8 /* LaunchScreen.storyboard in Resources */,
				82CD86E82219501E003B6CE8 /* Assets.xcassets in Resources */,
				82D91646221957E400549E7A /* StationTableViewCell.xib in Resources */,
				82CD86E62219501C003B6CE8 /* Main.storyboard in Resources */,
			);
			runOnlyForDeploymentPostprocessing = 0;
		};
/* End PBXResourcesBuildPhase section */

/* Begin PBXShellScriptBuildPhase section */
		82D9164E22197CF300549E7A /* ShellScript */ = {
			isa = PBXShellScriptBuildPhase;
			buildActionMask = 2147483647;
			files = (
			);
			inputPaths = (
				"$(SRCROOT)/Carthage/Build/iOS/Alamofire.framework",
				"$(SRCROOT)/Carthage/Build/iOS/SwiftyJSON.framework",
			);
			outputPaths = (
			);
			runOnlyForDeploymentPostprocessing = 0;
			shellPath = /bin/sh;
			shellScript = "/usr/local/bin/carthage copy-frameworks\n";
		};
/* End PBXShellScriptBuildPhase section */

/* Begin PBXSourcesBuildPhase section */
		82CD86D92219501B003B6CE8 /* Sources */ = {
			isa = PBXSourcesBuildPhase;
			buildActionMask = 2147483647;
			files = (
				82CD86E32219501C003B6CE8 /* ViewController.swift in Sources */,
				82CD86E12219501C003B6CE8 /* AppDelegate.swift in Sources */,
				82D916482219663400549E7A /* Station.swift in Sources */,
				82D91645221957E400549E7A /* StationTableViewCell.swift in Sources */,
			);
			runOnlyForDeploymentPostprocessing = 0;
		};
/* End PBXSourcesBuildPhase section */

/* Begin PBXVariantGroup section */
		82CD86E42219501C003B6CE8 /* Main.storyboard */ = {
			isa = PBXVariantGroup;
			children = (
				82CD86E52219501C003B6CE8 /* Base */,
			);
			name = Main.storyboard;
			sourceTree = "<group>";
		};
		82CD86E92219501E003B6CE8 /* LaunchScreen.storyboard */ = {
			isa = PBXVariantGroup;
			children = (
				82CD86EA2219501E003B6CE8 /* Base */,
			);
			name = LaunchScreen.storyboard;
			sourceTree = "<group>";
		};
/* End PBXVariantGroup section */

/* Begin XCBuildConfiguration section */
		82CD86ED2219501E003B6CE8 /* Debug */ = {
			isa = XCBuildConfiguration;
			buildSettings = {
				ALWAYS_SEARCH_USER_PATHS = NO;
				CLANG_ANALYZER_NONNULL = YES;
				CLANG_ANALYZER_NUMBER_OBJECT_CONVERSION = YES_AGGRESSIVE;
				CLANG_CXX_LANGUAGE_STANDARD = "gnu++14";
				CLANG_CXX_LIBRARY = "libc++";
				CLANG_ENABLE_MODULES = YES;
				CLANG_ENABLE_OBJC_ARC = YES;
				CLANG_ENABLE_OBJC_WEAK = YES;
				CLANG_WARN_BLOCK_CAPTURE_AUTORELEASING = YES;
				CLANG_WARN_BOOL_CONVERSION = YES;
				CLANG_WARN_COMMA = YES;
				CLANG_WARN_CONSTANT_CONVERSION = YES;
				CLANG_WARN_DEPRECATED_OBJC_IMPLEMENTATIONS = YES;
				CLANG_WARN_DIRECT_OBJC_ISA_USAGE = YES_ERROR;
				CLANG_WARN_DOCUMENTATION_COMMENTS = YES;
				CLANG_WARN_EMPTY_BODY = YES;
				CLANG_WARN_ENUM_CONVERSION = YES;
				CLANG_WARN_INFINITE_RECURSION = YES;
				CLANG_WARN_INT_CONVERSION = YES;
				CLANG_WARN_NON_LITERAL_NULL_CONVERSION = YES;
				CLANG_WARN_OBJC_IMPLICIT_RETAIN_SELF = YES;
				CLANG_WARN_OBJC_LITERAL_CONVERSION = YES;
				CLANG_WARN_OBJC_ROOT_CLASS = YES_ERROR;
				CLANG_WARN_RANGE_LOOP_ANALYSIS = YES;
				CLANG_WARN_STRICT_PROTOTYPES = YES;
				CLANG_WARN_SUSPICIOUS_MOVE = YES;
				CLANG_WARN_UNGUARDED_AVAILABILITY = YES_AGGRESSIVE;
				CLANG_WARN_UNREACHABLE_CODE = YES;
				CLANG_WARN__DUPLICATE_METHOD_MATCH = YES;
				CODE_SIGN_IDENTITY = "iPhone Developer";
				COPY_PHASE_STRIP = NO;
				DEBUG_INFORMATION_FORMAT = dwarf;
				ENABLE_STRICT_OBJC_MSGSEND = YES;
				ENABLE_TESTABILITY = YES;
				GCC_C_LANGUAGE_STANDARD = gnu11;
				GCC_DYNAMIC_NO_PIC = NO;
				GCC_NO_COMMON_BLOCKS = YES;
				GCC_OPTIMIZATION_LEVEL = 0;
				GCC_PREPROCESSOR_DEFINITIONS = (
					"DEBUG=1",
					"$(inherited)",
				);
				GCC_WARN_64_TO_32_BIT_CONVERSION = YES;
				GCC_WARN_ABOUT_RETURN_TYPE = YES_ERROR;
				GCC_WARN_UNDECLARED_SELECTOR = YES;
				GCC_WARN_UNINITIALIZED_AUTOS = YES_AGGRESSIVE;
				GCC_WARN_UNUSED_FUNCTION = YES;
				GCC_WARN_UNUSED_VARIABLE = YES;
				IPHONEOS_DEPLOYMENT_TARGET = 11.4;
				MTL_ENABLE_DEBUG_INFO = YES;
				ONLY_ACTIVE_ARCH = YES;
				SDKROOT = iphoneos;
				SWIFT_ACTIVE_COMPILATION_CONDITIONS = DEBUG;
				SWIFT_OPTIMIZATION_LEVEL = "-Onone";
			};
			name = Debug;
		};
		82CD86EE2219501E003B6CE8 /* Release */ = {
			isa = XCBuildConfiguration;
			buildSettings = {
				ALWAYS_SEARCH_USER_PATHS = NO;
				CLANG_ANALYZER_NONNULL = YES;
				CLANG_ANALYZER_NUMBER_OBJECT_CONVERSION = YES_AGGRESSIVE;
				CLANG_CXX_LANGUAGE_STANDARD = "gnu++14";
				CLANG_CXX_LIBRARY = "libc++";
				CLANG_ENABLE_MODULES = YES;
				CLANG_ENABLE_OBJC_ARC = YES;
				CLANG_ENABLE_OBJC_WEAK = YES;
				CLANG_WARN_BLOCK_CAPTURE_AUTORELEASING = YES;
				CLANG_WARN_BOOL_CONVERSION = YES;
				CLANG_WARN_COMMA = YES;
				CLANG_WARN_CONSTANT_CONVERSION = YES;
				CLANG_WARN_DEPRECATED_OBJC_IMPLEMENTATIONS = YES;
				CLANG_WARN_DIRECT_OBJC_ISA_USAGE = YES_ERROR;
				CLANG_WARN_DOCUMENTATION_COMMENTS = YES;
				CLANG_WARN_EMPTY_BODY = YES;
				CLANG_WARN_ENUM_CONVERSION = YES;
				CLANG_WARN_INFINITE_RECURSION = YES;
				CLANG_WARN_INT_CONVERSION = YES;
				CLANG_WARN_NON_LITERAL_NULL_CONVERSION = YES;
				CLANG_WARN_OBJC_IMPLICIT_RETAIN_SELF = YES;
				CLANG_WARN_OBJC_LITERAL_CONVERSION = YES;
				CLANG_WARN_OBJC_ROOT_CLASS = YES_ERROR;
				CLANG_WARN_RANGE_LOOP_ANALYSIS = YES;
				CLANG_WARN_STRICT_PROTOTYPES = YES;
				CLANG_WARN_SUSPICIOUS_MOVE = YES;
				CLANG_WARN_UNGUARDED_AVAILABILITY = YES_AGGRESSIVE;
				CLANG_WARN_UNREACHABLE_CODE = YES;
				CLANG_WARN__DUPLICATE_METHOD_MATCH = YES;
				CODE_SIGN_IDENTITY = "iPhone Developer";
				COPY_PHASE_STRIP = NO;
				DEBUG_INFORMATION_FORMAT = "dwarf-with-dsym";
				ENABLE_NS_ASSERTIONS = NO;
				ENABLE_STRICT_OBJC_MSGSEND = YES;
				GCC_C_LANGUAGE_STANDARD = gnu11;
				GCC_NO_COMMON_BLOCKS = YES;
				GCC_WARN_64_TO_32_BIT_CONVERSION = YES;
				GCC_WARN_ABOUT_RETURN_TYPE = YES_ERROR;
				GCC_WARN_UNDECLARED_SELECTOR = YES;
				GCC_WARN_UNINITIALIZED_AUTOS = YES_AGGRESSIVE;
				GCC_WARN_UNUSED_FUNCTION = YES;
				GCC_WARN_UNUSED_VARIABLE = YES;
				IPHONEOS_DEPLOYMENT_TARGET = 11.4;
				MTL_ENABLE_DEBUG_INFO = NO;
				SDKROOT = iphoneos;
				SWIFT_COMPILATION_MODE = wholemodule;
				SWIFT_OPTIMIZATION_LEVEL = "-O";
				VALIDATE_PRODUCT = YES;
			};
			name = Release;
		};
		82CD86F02219501E003B6CE8 /* Debug */ = {
			isa = XCBuildConfiguration;
			buildSettings = {
				ASSETCATALOG_COMPILER_APPICON_NAME = AppIcon;
				CODE_SIGN_STYLE = Automatic;
				FRAMEWORK_SEARCH_PATHS = (
					"$(inherited)",
					"$(PROJECT_DIR)/Carthage/Build/iOS",
				);
				INFOPLIST_FILE = CustomCellTutorial/Info.plist;
				LD_RUNPATH_SEARCH_PATHS = (
					"$(inherited)",
					"@executable_path/Frameworks",
				);
				PRODUCT_BUNDLE_IDENTIFIER = com.0sataku.CustomCellTutorial;
				PRODUCT_NAME = "$(TARGET_NAME)";
				SWIFT_VERSION = 4.0;
				TARGETED_DEVICE_FAMILY = "1,2";
			};
			name = Debug;
		};
		82CD86F12219501E003B6CE8 /* Release */ = {
			isa = XCBuildConfiguration;
			buildSettings = {
				ASSETCATALOG_COMPILER_APPICON_NAME = AppIcon;
				CODE_SIGN_STYLE = Automatic;
				FRAMEWORK_SEARCH_PATHS = (
					"$(inherited)",
					"$(PROJECT_DIR)/Carthage/Build/iOS",
				);
				INFOPLIST_FILE = CustomCellTutorial/Info.plist;
				LD_RUNPATH_SEARCH_PATHS = (
					"$(inherited)",
					"@executable_path/Frameworks",
				);
				PRODUCT_BUNDLE_IDENTIFIER = com.0sataku.CustomCellTutorial;
				PRODUCT_NAME = "$(TARGET_NAME)";
				SWIFT_VERSION = 4.0;
				TARGETED_DEVICE_FAMILY = "1,2";
			};
			name = Release;
		};
/* End XCBuildConfiguration section */

/* Begin XCConfigurationList section */
		82CD86D82219501B003B6CE8 /* Build configuration list for PBXProject "CustomCellTutorial" */ = {
			isa = XCConfigurationList;
			buildConfigurations = (
				82CD86ED2219501E003B6CE8 /* Debug */,
				82CD86EE2219501E003B6CE8 /* Release */,
			);
			defaultConfigurationIsVisible = 0;
			defaultConfigurationName = Release;
		};
		82CD86EF2219501E003B6CE8 /* Build configuration list for PBXNativeTarget "CustomCellTutorial" */ = {
			isa = XCConfigurationList;
			buildConfigurations = (
				82CD86F02219501E003B6CE8 /* Debug */,
				82CD86F12219501E003B6CE8 /* Release */,
			);
			defaultConfigurationIsVisible = 0;
			defaultConfigurationName = Release;
		};
/* End XCConfigurationList section */
	};
	rootObject = 82CD86D52219501B003B6CE8 /* Project object */;
}
